
Microsoft Visual Studio Solution File, Format Version 12.00
# Visual Studio Version 16
VisualStudioVersion = 16.0.29215.179
MinimumVisualStudioVersion = 10.0.40219.1
Project("{FAE04EC0-301F-11D3-BF4B-00C04F79EFBC}") = "AD_Users_Publisher", "AD_Users_Publisher\AD_Users_Publisher.csproj", "{4311D5AD-05D0-4F00-A599-AD41F786F43A}"
EndProject
Global
	GlobalSection(SolutionConfigurationPlatforms) = preSolution
		Debug|Any CPU = Debug|Any CPU
		Release|Any CPU = Release|Any CPU
	EndGlobalSection
	GlobalSection(ProjectConfigurationPlatforms) = postSolution
		{4311D5AD-05D0-4F00-A599-AD41F786F43A}.Debug|Any CPU.ActiveCfg = Debug|Any CPU
		{4311D5AD-05D0-4F00-A599-AD41F786F43A}.Debug|Any CPU.Build.0 = Debug|Any CPU
		{4311D5AD-05D0-4F00-A599-AD41F786F43A}.Release|Any CPU.ActiveCfg = Release|Any CPU
		{4311D5AD-05D0-4F00-A599-AD41F786F43A}.Release|Any CPU.Build.0 = Release|Any CPU
	EndGlobalSection
	GlobalSection(SolutionProperties) = preSolution
		HideSolutionNode = FALSE
	EndGlobalSection
	GlobalSection(ExtensibilityGlobals) = postSolution
		SolutionGuid = {DCF42A58-3084-432F-B7C7-679B3A3EE8B1}
	EndGlobalSection
EndGlobal
